
Microsoft Visual Studio Solution File, Format Version 12.00
# Visual Studio Version 17
VisualStudioVersion = 17.10.35122.118
MinimumVisualStudioVersion = 10.0.40219.1
Project("{FAE04EC0-301F-11D3-BF4B-00C04F79EFBC}") = "GameScriptManager", "GameScriptManager.csproj", "{1FB88A8B-CC19-45CE-A531-5DB6C67E4D8B}"
EndProject
Global
	GlobalSection(SolutionConfigurationPlatforms) = preSolution
		Debug|Any CPU = Debug|Any CPU
		Release|Any CPU = Release|Any CPU
	EndGlobalSection
	GlobalSection(ProjectConfigurationPlatforms) = postSolution
		{1FB88A8B-CC19-45CE-A531-5DB6C67E4D8B}.Debug|Any CPU.ActiveCfg = Debug|Any CPU
		{1FB88A8B-CC19-45CE-A531-5DB6C67E4D8B}.Debug|Any CPU.Build.0 = Debug|Any CPU
		{1FB88A8B-CC19-45CE-A531-5DB6C67E4D8B}.Release|Any CPU.ActiveCfg = Release|Any CPU
		{1FB88A8B-CC19-45CE-A531-5DB6C67E4D8B}.Release|Any CPU.Build.0 = Release|Any CPU
	EndGlobalSection
	GlobalSection(SolutionProperties) = preSolution
		HideSolutionNode = FALSE
	EndGlobalSection
	GlobalSection(ExtensibilityGlobals) = postSolution
		SolutionGuid = {63178388-FFE9-4E1E-B219-E13A4EA15FA7}
	EndGlobalSection
EndGlobal
